
Microsoft Visual Studio Solution File, Format Version 12.00
# Visual Studio Version 16
VisualStudioVersion = 16.0.29920.165
MinimumVisualStudioVersion = 10.0.40219.1
Project("{FAE04EC0-301F-11D3-BF4B-00C04F79EFBC}") = "Lab001", "Lab001\Lab001.csproj", "{191D2BD4-4DC7-4F4F-A1C5-655A62C5E010}"
EndProject
Project("{2150E333-8FDC-42A3-9474-1A3956D46DE8}") = "Lab1.1", "Lab1.1", "{E1D8AE3A-5C56-464F-86E4-7DCC5A0D68C8}"
EndProject
Project("{2150E333-8FDC-42A3-9474-1A3956D46DE8}") = "Lab1.2", "Lab1.2", "{8D32379A-07BD-47D5-9B52-7BA5AB8586DA}"
EndProject
Project("{2150E333-8FDC-42A3-9474-1A3956D46DE8}") = "Lab1.3", "Lab1.3", "{108D27BF-236F-4F8F-B939-064277E3DF3B}"
EndProject
Project("{FAE04EC0-301F-11D3-BF4B-00C04F79EFBC}") = "Lab002", "Lab002\Lab002.csproj", "{20204549-9D0C-4D31-A89A-59F30C5149CB}"
EndProject
Project("{FAE04EC0-301F-11D3-BF4B-00C04F79EFBC}") = "Console", "Console\Console.csproj", "{BDE316DF-85D5-4E29-9C9A-39234EF77228}"
EndProject
Project("{9A19103F-16F7-4668-BE54-9A1E7A4F7556}") = "Web", "Web\Web.csproj", "{739241F4-850E-449E-BAE7-CE02F2A2C6D7}"
EndProject
Project("{9A19103F-16F7-4668-BE54-9A1E7A4F7556}") = "Util", "Util\Util.csproj", "{D8040A17-6D68-4BBE-ACD1-BB745B484798}"
EndProject
Project("{FAE04EC0-301F-11D3-BF4B-00C04F79EFBC}") = "Windows", "Windows\Windows.csproj", "{E4406E36-5A08-4BE1-AF10-BFAA81554ADB}"
EndProject
Project("{FAE04EC0-301F-11D3-BF4B-00C04F79EFBC}") = "LabSintaxis2", "LabSintaxis2\LabSintaxis2.csproj", "{5CEB4738-3FCE-479F-BA1E-10349875FA04}"
EndProject
Project("{2150E333-8FDC-42A3-9474-1A3956D46DE8}") = "Lab2.1", "Lab2.1", "{39E999C6-9C4C-4677-A932-6CFE100563AD}"
EndProject
Project("{FAE04EC0-301F-11D3-BF4B-00C04F79EFBC}") = "LabSintaxis3", "LabSintaxis3\LabSintaxis3.csproj", "{83EBF3A2-7561-461F-A40A-1927BFAB8D42}"
EndProject
Project("{FAE04EC0-301F-11D3-BF4B-00C04F79EFBC}") = "LabSintaxis4", "LabSintaxis4\LabSintaxis4.csproj", "{2C201B2A-091D-470F-A586-26920976963E}"
EndProject
Global
	GlobalSection(SolutionConfigurationPlatforms) = preSolution
		Debug|Any CPU = Debug|Any CPU
		Release|Any CPU = Release|Any CPU
	EndGlobalSection
	GlobalSection(ProjectConfigurationPlatforms) = postSolution
		{191D2BD4-4DC7-4F4F-A1C5-655A62C5E010}.Debug|Any CPU.ActiveCfg = Debug|Any CPU
		{191D2BD4-4DC7-4F4F-A1C5-655A62C5E010}.Debug|Any CPU.Build.0 = Debug|Any CPU
		{191D2BD4-4DC7-4F4F-A1C5-655A62C5E010}.Release|Any CPU.ActiveCfg = Release|Any CPU
		{191D2BD4-4DC7-4F4F-A1C5-655A62C5E010}.Release|Any CPU.Build.0 = Release|Any CPU
		{20204549-9D0C-4D31-A89A-59F30C5149CB}.Debug|Any CPU.ActiveCfg = Debug|Any CPU
		{20204549-9D0C-4D31-A89A-59F30C5149CB}.Debug|Any CPU.Build.0 = Debug|Any CPU
		{20204549-9D0C-4D31-A89A-59F30C5149CB}.Release|Any CPU.ActiveCfg = Release|Any CPU
		{20204549-9D0C-4D31-A89A-59F30C5149CB}.Release|Any CPU.Build.0 = Release|Any CPU
		{BDE316DF-85D5-4E29-9C9A-39234EF77228}.Debug|Any CPU.ActiveCfg = Debug|Any CPU
		{BDE316DF-85D5-4E29-9C9A-39234EF77228}.Debug|Any CPU.Build.0 = Debug|Any CPU
		{BDE316DF-85D5-4E29-9C9A-39234EF77228}.Release|Any CPU.ActiveCfg = Release|Any CPU
		{BDE316DF-85D5-4E29-9C9A-39234EF77228}.Release|Any CPU.Build.0 = Release|Any CPU
		{739241F4-850E-449E-BAE7-CE02F2A2C6D7}.Debug|Any CPU.ActiveCfg = Debug|Any CPU
		{739241F4-850E-449E-BAE7-CE02F2A2C6D7}.Debug|Any CPU.Build.0 = Debug|Any CPU
		{739241F4-850E-449E-BAE7-CE02F2A2C6D7}.Release|Any CPU.ActiveCfg = Release|Any CPU
		{739241F4-850E-449E-BAE7-CE02F2A2C6D7}.Release|Any CPU.Build.0 = Release|Any CPU
		{D8040A17-6D68-4BBE-ACD1-BB745B484798}.Debug|Any CPU.ActiveCfg = Debug|Any CPU
		{D8040A17-6D68-4BBE-ACD1-BB745B484798}.Debug|Any CPU.Build.0 = Debug|Any CPU
		{D8040A17-6D68-4BBE-ACD1-BB745B484798}.Release|Any CPU.ActiveCfg = Release|Any CPU
		{D8040A17-6D68-4BBE-ACD1-BB745B484798}.Release|Any CPU.Build.0 = Release|Any CPU
		{E4406E36-5A08-4BE1-AF10-BFAA81554ADB}.Debug|Any CPU.ActiveCfg = Debug|Any CPU
		{E4406E36-5A08-4BE1-AF10-BFAA81554ADB}.Debug|Any CPU.Build.0 = Debug|Any CPU
		{E4406E36-5A08-4BE1-AF10-BFAA81554ADB}.Release|Any CPU.ActiveCfg = Release|Any CPU
		{E4406E36-5A08-4BE1-AF10-BFAA81554ADB}.Release|Any CPU.Build.0 = Release|Any CPU
		{5CEB4738-3FCE-479F-BA1E-10349875FA04}.Debug|Any CPU.ActiveCfg = Debug|Any CPU
		{5CEB4738-3FCE-479F-BA1E-10349875FA04}.Debug|Any CPU.Build.0 = Debug|Any CPU
		{5CEB4738-3FCE-479F-BA1E-10349875FA04}.Release|Any CPU.ActiveCfg = Release|Any CPU
		{5CEB4738-3FCE-479F-BA1E-10349875FA04}.Release|Any CPU.Build.0 = Release|Any CPU
		{83EBF3A2-7561-461F-A40A-1927BFAB8D42}.Debug|Any CPU.ActiveCfg = Debug|Any CPU
		{83EBF3A2-7561-461F-A40A-1927BFAB8D42}.Debug|Any CPU.Build.0 = Debug|Any CPU
		{83EBF3A2-7561-461F-A40A-1927BFAB8D42}.Release|Any CPU.ActiveCfg = Release|Any CPU
		{83EBF3A2-7561-461F-A40A-1927BFAB8D42}.Release|Any CPU.Build.0 = Release|Any CPU
		{2C201B2A-091D-470F-A586-26920976963E}.Debug|Any CPU.ActiveCfg = Debug|Any CPU
		{2C201B2A-091D-470F-A586-26920976963E}.Debug|Any CPU.Build.0 = Debug|Any CPU
		{2C201B2A-091D-470F-A586-26920976963E}.Release|Any CPU.ActiveCfg = Release|Any CPU
		{2C201B2A-091D-470F-A586-26920976963E}.Release|Any CPU.Build.0 = Release|Any CPU
	EndGlobalSection
	GlobalSection(SolutionProperties) = preSolution
		HideSolutionNode = FALSE
	EndGlobalSection
	GlobalSection(NestedProjects) = preSolution
		{191D2BD4-4DC7-4F4F-A1C5-655A62C5E010} = {E1D8AE3A-5C56-464F-86E4-7DCC5A0D68C8}
		{20204549-9D0C-4D31-A89A-59F30C5149CB} = {8D32379A-07BD-47D5-9B52-7BA5AB8586DA}
		{BDE316DF-85D5-4E29-9C9A-39234EF77228} = {108D27BF-236F-4F8F-B939-064277E3DF3B}
		{739241F4-850E-449E-BAE7-CE02F2A2C6D7} = {108D27BF-236F-4F8F-B939-064277E3DF3B}
		{D8040A17-6D68-4BBE-ACD1-BB745B484798} = {108D27BF-236F-4F8F-B939-064277E3DF3B}
		{E4406E36-5A08-4BE1-AF10-BFAA81554ADB} = {108D27BF-236F-4F8F-B939-064277E3DF3B}
		{5CEB4738-3FCE-479F-BA1E-10349875FA04} = {39E999C6-9C4C-4677-A932-6CFE100563AD}
		{83EBF3A2-7561-461F-A40A-1927BFAB8D42} = {39E999C6-9C4C-4677-A932-6CFE100563AD}
		{2C201B2A-091D-470F-A586-26920976963E} = {39E999C6-9C4C-4677-A932-6CFE100563AD}
	EndGlobalSection
	GlobalSection(ExtensibilityGlobals) = postSolution
		SolutionGuid = {4739DA73-1A1F-4EE4-B6B0-73C5093E8ACD}
	EndGlobalSection
EndGlobal
