
Microsoft Visual Studio Solution File, Format Version 12.00
# Visual Studio Version 16
VisualStudioVersion = 16.0.29920.165
MinimumVisualStudioVersion = 10.0.40219.1
Project("{FAE04EC0-301F-11D3-BF4B-00C04F79EFBC}") = "Lab001", "Lab001\Lab001.csproj", "{191D2BD4-4DC7-4F4F-A1C5-655A62C5E010}"
EndProject
Project("{2150E333-8FDC-42A3-9474-1A3956D46DE8}") = "Lab1.1", "Lab1.1", "{E1D8AE3A-5C56-464F-86E4-7DCC5A0D68C8}"
EndProject
Project("{2150E333-8FDC-42A3-9474-1A3956D46DE8}") = "Lab1.2", "Lab1.2", "{8D32379A-07BD-47D5-9B52-7BA5AB8586DA}"
EndProject
Project("{2150E333-8FDC-42A3-9474-1A3956D46DE8}") = "Lab1.3", "Lab1.3", "{108D27BF-236F-4F8F-B939-064277E3DF3B}"
EndProject
Project("{FAE04EC0-301F-11D3-BF4B-00C04F79EFBC}") = "Lab002", "Lab002\Lab002.csproj", "{20204549-9D0C-4D31-A89A-59F30C5149CB}"
EndProject
Project("{FAE04EC0-301F-11D3-BF4B-00C04F79EFBC}") = "Console", "Console\Console.csproj", "{BDE316DF-85D5-4E29-9C9A-39234EF77228}"
EndProject
Project("{9A19103F-16F7-4668-BE54-9A1E7A4F7556}") = "Web", "Web\Web.csproj", "{739241F4-850E-449E-BAE7-CE02F2A2C6D7}"
EndProject
Project("{9A19103F-16F7-4668-BE54-9A1E7A4F7556}") = "Util", "Util\Util.csproj", "{D8040A17-6D68-4BBE-ACD1-BB745B484798}"
EndProject
Project("{FAE04EC0-301F-11D3-BF4B-00C04F79EFBC}") = "Windows", "Windows\Windows.csproj", "{E4406E36-5A08-4BE1-AF10-BFAA81554ADB}"
EndProject
Project("{FAE04EC0-301F-11D3-BF4B-00C04F79EFBC}") = "LabSintaxis2", "LabSintaxis2\LabSintaxis2.csproj", "{5CEB4738-3FCE-479F-BA1E-10349875FA04}"
EndProject
Project("{2150E333-8FDC-42A3-9474-1A3956D46DE8}") = "Lab2.1", "Lab2.1", "{39E999C6-9C4C-4677-A932-6CFE100563AD}"
EndProject
Project("{FAE04EC0-301F-11D3-BF4B-00C04F79EFBC}") = "LabSintaxis3", "LabSintaxis3\LabSintaxis3.csproj", "{83EBF3A2-7561-461F-A40A-1927BFAB8D42}"
EndProject
Project("{FAE04EC0-301F-11D3-BF4B-00C04F79EFBC}") = "LabSintaxis4", "LabSintaxis4\LabSintaxis4.csproj", "{2C201B2A-091D-470F-A586-26920976963E}"
EndProject
Project("{2150E333-8FDC-42A3-9474-1A3956D46DE8}") = "Lab2.2", "Lab2.2", "{4653B7AF-4E1D-4CAD-A213-58D39E4AAA37}"
EndProject
Project("{9A19103F-16F7-4668-BE54-9A1E7A4F7556}") = "Clases", "Clases\Clases.csproj", "{E41707EC-6E78-4ABA-804C-5A038E989106}"
EndProject
Project("{FAE04EC0-301F-11D3-BF4B-00C04F79EFBC}") = "LabClases01", "LabClases01\LabClases01.csproj", "{B1328E68-AD00-4205-95BC-1C4B564A54C7}"
EndProject
Project("{FAE04EC0-301F-11D3-BF4B-00C04F79EFBC}") = "LabClases2", "LabClases2\LabClases2.csproj", "{05F327E4-D8AE-49F2-AFDB-C6D0195FF52F}"
EndProject
Project("{9A19103F-16F7-4668-BE54-9A1E7A4F7556}") = "Geometria", "Geometria\Geometria.csproj", "{16F50390-9946-4B00-989D-5C8DCDE304FB}"
EndProject
Project("{2150E333-8FDC-42A3-9474-1A3956D46DE8}") = "Ejercicio 1 y 2", "Ejercicio 1 y 2", "{BCCB3AC2-61D8-414B-9DA8-AB707F34D931}"
EndProject
Project("{2150E333-8FDC-42A3-9474-1A3956D46DE8}") = "Ejercicio 3", "Ejercicio 3", "{D72E4843-264E-41AA-83C1-375F1B45FC17}"
EndProject
Project("{2150E333-8FDC-42A3-9474-1A3956D46DE8}") = "Ejercicio 4", "Ejercicio 4", "{3524F0B5-3122-44F1-97FD-15511DA684AB}"
EndProject
Project("{9A19103F-16F7-4668-BE54-9A1E7A4F7556}") = "Persona", "Persona\Persona.csproj", "{84FC7829-C267-43E9-9700-90B09AA9A97A}"
EndProject
Project("{2150E333-8FDC-42A3-9474-1A3956D46DE8}") = "Ejercicio 5", "Ejercicio 5", "{50AC6BA9-482A-4CEA-8BFB-0F7D30D3E195}"
EndProject
Project("{9A19103F-16F7-4668-BE54-9A1E7A4F7556}") = "AdivineElNumero", "AdivineElNumero\AdivineElNumero.csproj", "{1DBFC637-3CEF-4F31-AFC5-C8A7FD821B6C}"
EndProject
Project("{FAE04EC0-301F-11D3-BF4B-00C04F79EFBC}") = "AdivineElNumeroExec", "AdivineElNumeroExec\AdivineElNumeroExec.csproj", "{86B78564-C5FE-4B5A-B839-8A8C350274B3}"
EndProject
Project("{2150E333-8FDC-42A3-9474-1A3956D46DE8}") = "Lab2.3", "Lab2.3", "{6D209D6F-3211-4490-A0B3-BE100A85BE95}"
EndProject
Project("{FAE04EC0-301F-11D3-BF4B-00C04F79EFBC}") = "Lab2.3", "Lab2.3\Lab2.3.csproj", "{8C6C486C-E639-4530-8FE7-AC280F284DB6}"
EndProject
Project("{2150E333-8FDC-42A3-9474-1A3956D46DE8}") = "Lab3.1", "Lab3.1", "{344DF631-6148-4923-9018-A451B12D7D84}"
EndProject
Project("{FAE04EC0-301F-11D3-BF4B-00C04F79EFBC}") = "Academia", "Academia\Academia.csproj", "{87E35EBD-A97A-4F92-861F-C305530E06DF}"
EndProject
Project("{2150E333-8FDC-42A3-9474-1A3956D46DE8}") = "Lab3.2", "Lab3.2", "{29FA6632-86AB-4A11-9D0C-099EC048C8CC}"
EndProject
Project("{FAE04EC0-301F-11D3-BF4B-00C04F79EFBC}") = "LabGrilla", "LabGrilla\LabGrilla.csproj", "{32876383-8F44-4A06-ABB0-27A8315D2E74}"
EndProject
Project("{FAE04EC0-301F-11D3-BF4B-00C04F79EFBC}") = "Negocio", "Negocios\Negocio.csproj", "{9AFF0232-0712-44A7-9B59-0B0647D73FEC}"
EndProject
Global
	GlobalSection(SolutionConfigurationPlatforms) = preSolution
		Debug|Any CPU = Debug|Any CPU
		Release|Any CPU = Release|Any CPU
	EndGlobalSection
	GlobalSection(ProjectConfigurationPlatforms) = postSolution
		{191D2BD4-4DC7-4F4F-A1C5-655A62C5E010}.Debug|Any CPU.ActiveCfg = Debug|Any CPU
		{191D2BD4-4DC7-4F4F-A1C5-655A62C5E010}.Debug|Any CPU.Build.0 = Debug|Any CPU
		{191D2BD4-4DC7-4F4F-A1C5-655A62C5E010}.Release|Any CPU.ActiveCfg = Release|Any CPU
		{191D2BD4-4DC7-4F4F-A1C5-655A62C5E010}.Release|Any CPU.Build.0 = Release|Any CPU
		{20204549-9D0C-4D31-A89A-59F30C5149CB}.Debug|Any CPU.ActiveCfg = Debug|Any CPU
		{20204549-9D0C-4D31-A89A-59F30C5149CB}.Debug|Any CPU.Build.0 = Debug|Any CPU
		{20204549-9D0C-4D31-A89A-59F30C5149CB}.Release|Any CPU.ActiveCfg = Release|Any CPU
		{20204549-9D0C-4D31-A89A-59F30C5149CB}.Release|Any CPU.Build.0 = Release|Any CPU
		{BDE316DF-85D5-4E29-9C9A-39234EF77228}.Debug|Any CPU.ActiveCfg = Debug|Any CPU
		{BDE316DF-85D5-4E29-9C9A-39234EF77228}.Debug|Any CPU.Build.0 = Debug|Any CPU
		{BDE316DF-85D5-4E29-9C9A-39234EF77228}.Release|Any CPU.ActiveCfg = Release|Any CPU
		{BDE316DF-85D5-4E29-9C9A-39234EF77228}.Release|Any CPU.Build.0 = Release|Any CPU
		{739241F4-850E-449E-BAE7-CE02F2A2C6D7}.Debug|Any CPU.ActiveCfg = Debug|Any CPU
		{739241F4-850E-449E-BAE7-CE02F2A2C6D7}.Debug|Any CPU.Build.0 = Debug|Any CPU
		{739241F4-850E-449E-BAE7-CE02F2A2C6D7}.Release|Any CPU.ActiveCfg = Release|Any CPU
		{739241F4-850E-449E-BAE7-CE02F2A2C6D7}.Release|Any CPU.Build.0 = Release|Any CPU
		{D8040A17-6D68-4BBE-ACD1-BB745B484798}.Debug|Any CPU.ActiveCfg = Debug|Any CPU
		{D8040A17-6D68-4BBE-ACD1-BB745B484798}.Debug|Any CPU.Build.0 = Debug|Any CPU
		{D8040A17-6D68-4BBE-ACD1-BB745B484798}.Release|Any CPU.ActiveCfg = Release|Any CPU
		{D8040A17-6D68-4BBE-ACD1-BB745B484798}.Release|Any CPU.Build.0 = Release|Any CPU
		{E4406E36-5A08-4BE1-AF10-BFAA81554ADB}.Debug|Any CPU.ActiveCfg = Debug|Any CPU
		{E4406E36-5A08-4BE1-AF10-BFAA81554ADB}.Debug|Any CPU.Build.0 = Debug|Any CPU
		{E4406E36-5A08-4BE1-AF10-BFAA81554ADB}.Release|Any CPU.ActiveCfg = Release|Any CPU
		{E4406E36-5A08-4BE1-AF10-BFAA81554ADB}.Release|Any CPU.Build.0 = Release|Any CPU
		{5CEB4738-3FCE-479F-BA1E-10349875FA04}.Debug|Any CPU.ActiveCfg = Debug|Any CPU
		{5CEB4738-3FCE-479F-BA1E-10349875FA04}.Debug|Any CPU.Build.0 = Debug|Any CPU
		{5CEB4738-3FCE-479F-BA1E-10349875FA04}.Release|Any CPU.ActiveCfg = Release|Any CPU
		{5CEB4738-3FCE-479F-BA1E-10349875FA04}.Release|Any CPU.Build.0 = Release|Any CPU
		{83EBF3A2-7561-461F-A40A-1927BFAB8D42}.Debug|Any CPU.ActiveCfg = Debug|Any CPU
		{83EBF3A2-7561-461F-A40A-1927BFAB8D42}.Debug|Any CPU.Build.0 = Debug|Any CPU
		{83EBF3A2-7561-461F-A40A-1927BFAB8D42}.Release|Any CPU.ActiveCfg = Release|Any CPU
		{83EBF3A2-7561-461F-A40A-1927BFAB8D42}.Release|Any CPU.Build.0 = Release|Any CPU
		{2C201B2A-091D-470F-A586-26920976963E}.Debug|Any CPU.ActiveCfg = Debug|Any CPU
		{2C201B2A-091D-470F-A586-26920976963E}.Debug|Any CPU.Build.0 = Debug|Any CPU
		{2C201B2A-091D-470F-A586-26920976963E}.Release|Any CPU.ActiveCfg = Release|Any CPU
		{2C201B2A-091D-470F-A586-26920976963E}.Release|Any CPU.Build.0 = Release|Any CPU
		{E41707EC-6E78-4ABA-804C-5A038E989106}.Debug|Any CPU.ActiveCfg = Debug|Any CPU
		{E41707EC-6E78-4ABA-804C-5A038E989106}.Debug|Any CPU.Build.0 = Debug|Any CPU
		{E41707EC-6E78-4ABA-804C-5A038E989106}.Release|Any CPU.ActiveCfg = Release|Any CPU
		{E41707EC-6E78-4ABA-804C-5A038E989106}.Release|Any CPU.Build.0 = Release|Any CPU
		{B1328E68-AD00-4205-95BC-1C4B564A54C7}.Debug|Any CPU.ActiveCfg = Debug|Any CPU
		{B1328E68-AD00-4205-95BC-1C4B564A54C7}.Debug|Any CPU.Build.0 = Debug|Any CPU
		{B1328E68-AD00-4205-95BC-1C4B564A54C7}.Release|Any CPU.ActiveCfg = Release|Any CPU
		{B1328E68-AD00-4205-95BC-1C4B564A54C7}.Release|Any CPU.Build.0 = Release|Any CPU
		{05F327E4-D8AE-49F2-AFDB-C6D0195FF52F}.Debug|Any CPU.ActiveCfg = Debug|Any CPU
		{05F327E4-D8AE-49F2-AFDB-C6D0195FF52F}.Debug|Any CPU.Build.0 = Debug|Any CPU
		{05F327E4-D8AE-49F2-AFDB-C6D0195FF52F}.Release|Any CPU.ActiveCfg = Release|Any CPU
		{05F327E4-D8AE-49F2-AFDB-C6D0195FF52F}.Release|Any CPU.Build.0 = Release|Any CPU
		{16F50390-9946-4B00-989D-5C8DCDE304FB}.Debug|Any CPU.ActiveCfg = Debug|Any CPU
		{16F50390-9946-4B00-989D-5C8DCDE304FB}.Debug|Any CPU.Build.0 = Debug|Any CPU
		{16F50390-9946-4B00-989D-5C8DCDE304FB}.Release|Any CPU.ActiveCfg = Release|Any CPU
		{16F50390-9946-4B00-989D-5C8DCDE304FB}.Release|Any CPU.Build.0 = Release|Any CPU
		{84FC7829-C267-43E9-9700-90B09AA9A97A}.Debug|Any CPU.ActiveCfg = Debug|Any CPU
		{84FC7829-C267-43E9-9700-90B09AA9A97A}.Debug|Any CPU.Build.0 = Debug|Any CPU
		{84FC7829-C267-43E9-9700-90B09AA9A97A}.Release|Any CPU.ActiveCfg = Release|Any CPU
		{84FC7829-C267-43E9-9700-90B09AA9A97A}.Release|Any CPU.Build.0 = Release|Any CPU
		{1DBFC637-3CEF-4F31-AFC5-C8A7FD821B6C}.Debug|Any CPU.ActiveCfg = Debug|Any CPU
		{1DBFC637-3CEF-4F31-AFC5-C8A7FD821B6C}.Debug|Any CPU.Build.0 = Debug|Any CPU
		{1DBFC637-3CEF-4F31-AFC5-C8A7FD821B6C}.Release|Any CPU.ActiveCfg = Release|Any CPU
		{1DBFC637-3CEF-4F31-AFC5-C8A7FD821B6C}.Release|Any CPU.Build.0 = Release|Any CPU
		{86B78564-C5FE-4B5A-B839-8A8C350274B3}.Debug|Any CPU.ActiveCfg = Debug|Any CPU
		{86B78564-C5FE-4B5A-B839-8A8C350274B3}.Debug|Any CPU.Build.0 = Debug|Any CPU
		{86B78564-C5FE-4B5A-B839-8A8C350274B3}.Release|Any CPU.ActiveCfg = Release|Any CPU
		{86B78564-C5FE-4B5A-B839-8A8C350274B3}.Release|Any CPU.Build.0 = Release|Any CPU
		{8C6C486C-E639-4530-8FE7-AC280F284DB6}.Debug|Any CPU.ActiveCfg = Debug|Any CPU
		{8C6C486C-E639-4530-8FE7-AC280F284DB6}.Debug|Any CPU.Build.0 = Debug|Any CPU
		{8C6C486C-E639-4530-8FE7-AC280F284DB6}.Release|Any CPU.ActiveCfg = Release|Any CPU
		{8C6C486C-E639-4530-8FE7-AC280F284DB6}.Release|Any CPU.Build.0 = Release|Any CPU
		{87E35EBD-A97A-4F92-861F-C305530E06DF}.Debug|Any CPU.ActiveCfg = Debug|Any CPU
		{87E35EBD-A97A-4F92-861F-C305530E06DF}.Debug|Any CPU.Build.0 = Debug|Any CPU
		{87E35EBD-A97A-4F92-861F-C305530E06DF}.Release|Any CPU.ActiveCfg = Release|Any CPU
		{87E35EBD-A97A-4F92-861F-C305530E06DF}.Release|Any CPU.Build.0 = Release|Any CPU
		{32876383-8F44-4A06-ABB0-27A8315D2E74}.Debug|Any CPU.ActiveCfg = Debug|Any CPU
		{32876383-8F44-4A06-ABB0-27A8315D2E74}.Debug|Any CPU.Build.0 = Debug|Any CPU
		{32876383-8F44-4A06-ABB0-27A8315D2E74}.Release|Any CPU.ActiveCfg = Release|Any CPU
		{32876383-8F44-4A06-ABB0-27A8315D2E74}.Release|Any CPU.Build.0 = Release|Any CPU
		{9AFF0232-0712-44A7-9B59-0B0647D73FEC}.Debug|Any CPU.ActiveCfg = Debug|Any CPU
		{9AFF0232-0712-44A7-9B59-0B0647D73FEC}.Debug|Any CPU.Build.0 = Debug|Any CPU
		{9AFF0232-0712-44A7-9B59-0B0647D73FEC}.Release|Any CPU.ActiveCfg = Release|Any CPU
		{9AFF0232-0712-44A7-9B59-0B0647D73FEC}.Release|Any CPU.Build.0 = Release|Any CPU
	EndGlobalSection
	GlobalSection(SolutionProperties) = preSolution
		HideSolutionNode = FALSE
	EndGlobalSection
	GlobalSection(NestedProjects) = preSolution
		{191D2BD4-4DC7-4F4F-A1C5-655A62C5E010} = {E1D8AE3A-5C56-464F-86E4-7DCC5A0D68C8}
		{20204549-9D0C-4D31-A89A-59F30C5149CB} = {8D32379A-07BD-47D5-9B52-7BA5AB8586DA}
		{BDE316DF-85D5-4E29-9C9A-39234EF77228} = {108D27BF-236F-4F8F-B939-064277E3DF3B}
		{739241F4-850E-449E-BAE7-CE02F2A2C6D7} = {108D27BF-236F-4F8F-B939-064277E3DF3B}
		{D8040A17-6D68-4BBE-ACD1-BB745B484798} = {108D27BF-236F-4F8F-B939-064277E3DF3B}
		{E4406E36-5A08-4BE1-AF10-BFAA81554ADB} = {108D27BF-236F-4F8F-B939-064277E3DF3B}
		{5CEB4738-3FCE-479F-BA1E-10349875FA04} = {39E999C6-9C4C-4677-A932-6CFE100563AD}
		{83EBF3A2-7561-461F-A40A-1927BFAB8D42} = {39E999C6-9C4C-4677-A932-6CFE100563AD}
		{2C201B2A-091D-470F-A586-26920976963E} = {39E999C6-9C4C-4677-A932-6CFE100563AD}
		{E41707EC-6E78-4ABA-804C-5A038E989106} = {BCCB3AC2-61D8-414B-9DA8-AB707F34D931}
		{B1328E68-AD00-4205-95BC-1C4B564A54C7} = {BCCB3AC2-61D8-414B-9DA8-AB707F34D931}
		{05F327E4-D8AE-49F2-AFDB-C6D0195FF52F} = {BCCB3AC2-61D8-414B-9DA8-AB707F34D931}
		{16F50390-9946-4B00-989D-5C8DCDE304FB} = {D72E4843-264E-41AA-83C1-375F1B45FC17}
		{BCCB3AC2-61D8-414B-9DA8-AB707F34D931} = {4653B7AF-4E1D-4CAD-A213-58D39E4AAA37}
		{D72E4843-264E-41AA-83C1-375F1B45FC17} = {4653B7AF-4E1D-4CAD-A213-58D39E4AAA37}
		{3524F0B5-3122-44F1-97FD-15511DA684AB} = {4653B7AF-4E1D-4CAD-A213-58D39E4AAA37}
		{84FC7829-C267-43E9-9700-90B09AA9A97A} = {3524F0B5-3122-44F1-97FD-15511DA684AB}
		{50AC6BA9-482A-4CEA-8BFB-0F7D30D3E195} = {4653B7AF-4E1D-4CAD-A213-58D39E4AAA37}
		{1DBFC637-3CEF-4F31-AFC5-C8A7FD821B6C} = {50AC6BA9-482A-4CEA-8BFB-0F7D30D3E195}
		{86B78564-C5FE-4B5A-B839-8A8C350274B3} = {50AC6BA9-482A-4CEA-8BFB-0F7D30D3E195}
		{8C6C486C-E639-4530-8FE7-AC280F284DB6} = {6D209D6F-3211-4490-A0B3-BE100A85BE95}
		{87E35EBD-A97A-4F92-861F-C305530E06DF} = {344DF631-6148-4923-9018-A451B12D7D84}
		{32876383-8F44-4A06-ABB0-27A8315D2E74} = {29FA6632-86AB-4A11-9D0C-099EC048C8CC}
		{9AFF0232-0712-44A7-9B59-0B0647D73FEC} = {29FA6632-86AB-4A11-9D0C-099EC048C8CC}
	EndGlobalSection
	GlobalSection(ExtensibilityGlobals) = postSolution
		SolutionGuid = {4739DA73-1A1F-4EE4-B6B0-73C5093E8ACD}
	EndGlobalSection
EndGlobal
